// !$*UTF8*$!
{
	archiveVersion = 1;
	classes = {
	};
	objectVersion = 51;
	objects = {

/* Begin PBXBuildFile section */
		0481EAF10D0F0D97DDEBDBB5 /* Pods_BringChuChuba_BringChuChubaUITests.framework in Frameworks */ = {isa = PBXBuildFile; fileRef = E22662DF9DE67F70EB282E1C /* Pods_BringChuChuba_BringChuChubaUITests.framework */; };
		40020E4425AD395A0088E9BA /* RewardViewController.swift in Sources */ = {isa = PBXBuildFile; fileRef = 40020E4325AD395A0088E9BA /* RewardViewController.swift */; };
		4015763A25A4737500AB4296 /* CalendarViewModel.swift in Sources */ = {isa = PBXBuildFile; fileRef = 4015763925A4737500AB4296 /* CalendarViewModel.swift */; };
		4015764225A47A9D00AB4296 /* RankingViewModel.swift in Sources */ = {isa = PBXBuildFile; fileRef = 4015764125A47A9D00AB4296 /* RankingViewModel.swift */; };
		4015764A25A47AAE00AB4296 /* UsersVeiwModel.swift in Sources */ = {isa = PBXBuildFile; fileRef = 4015764925A47AAE00AB4296 /* UsersVeiwModel.swift */; };
		4015765525A4800000AB4296 /* Optional+Extension.swift in Sources */ = {isa = PBXBuildFile; fileRef = 4015765425A4800000AB4296 /* Optional+Extension.swift */; };
		4015765A25A4803600AB4296 /* Log.swift in Sources */ = {isa = PBXBuildFile; fileRef = 4015765925A4803600AB4296 /* Log.swift */; };
		401D6C7825A6B7CB00113273 /* Observable+Extension.swift in Sources */ = {isa = PBXBuildFile; fileRef = 401D6C7725A6B7CB00113273 /* Observable+Extension.swift */; };
		401D6C8625A6BA0900113273 /* ActivityIndicator.swift in Sources */ = {isa = PBXBuildFile; fileRef = 401D6C8525A6BA0900113273 /* ActivityIndicator.swift */; };
		401D6C9125A6BA5B00113273 /* ErrorTracker.swift in Sources */ = {isa = PBXBuildFile; fileRef = 401D6C9025A6BA5B00113273 /* ErrorTracker.swift */; };
		401D6CCB25A6D22600113273 /* viewModelType.swift in Sources */ = {isa = PBXBuildFile; fileRef = 401D6CCA25A6D22600113273 /* viewModelType.swift */; };
		40235D6F25A553AE004D7ABE /* GlobalData.swift in Sources */ = {isa = PBXBuildFile; fileRef = 40235D6E25A553AE004D7ABE /* GlobalData.swift */; };
		402A132325A56E2E00B8F65D /* HomeTableViewCell.swift in Sources */ = {isa = PBXBuildFile; fileRef = 402A132225A56E2E00B8F65D /* HomeTableViewCell.swift */; };
		402A132825A577BB00B8F65D /* Cell+ReuseIdentifiable.swift in Sources */ = {isa = PBXBuildFile; fileRef = 402A132725A577BB00B8F65D /* Cell+ReuseIdentifiable.swift */; };
		403BF61325A803BA00712B62 /* NetworkConstants.swift in Sources */ = {isa = PBXBuildFile; fileRef = 5D88CD5125A42F0B008B9D61 /* NetworkConstants.swift */; };
		406FFDEA25A43EA4005C5566 /* HomeViewModel.swift in Sources */ = {isa = PBXBuildFile; fileRef = 406FFDE925A43EA4005C5566 /* HomeViewModel.swift */; };
		406FFE0A25A4488E005C5566 /* Launch Screen.storyboard in Resources */ = {isa = PBXBuildFile; fileRef = 406FFE0925A4488E005C5566 /* Launch Screen.storyboard */; };
		408FF29925A471000032C5D1 /* UsersViewController.swift in Sources */ = {isa = PBXBuildFile; fileRef = 408FF29825A471000032C5D1 /* UsersViewController.swift */; };
		40A9BAA025A1AC5600EC2988 /* AppDelegate.swift in Sources */ = {isa = PBXBuildFile; fileRef = 40A9BA9F25A1AC5600EC2988 /* AppDelegate.swift */; };
		40A9BAA225A1AC5600EC2988 /* SceneDelegate.swift in Sources */ = {isa = PBXBuildFile; fileRef = 40A9BAA125A1AC5600EC2988 /* SceneDelegate.swift */; };
		40A9BAA925A1AC5700EC2988 /* Assets.xcassets in Resources */ = {isa = PBXBuildFile; fileRef = 40A9BAA825A1AC5700EC2988 /* Assets.xcassets */; };
		40A9BAB725A1AC5700EC2988 /* BringChuChubaTests.swift in Sources */ = {isa = PBXBuildFile; fileRef = 40A9BAB625A1AC5700EC2988 /* BringChuChubaTests.swift */; };
		40A9BAC225A1AC5700EC2988 /* BringChuChubaUITests.swift in Sources */ = {isa = PBXBuildFile; fileRef = 40A9BAC125A1AC5700EC2988 /* BringChuChubaUITests.swift */; };
		40B0B6A225AC2CE2001E4A99 /* CreateMissionViewController.swift in Sources */ = {isa = PBXBuildFile; fileRef = 40B0B6A125AC2CE2001E4A99 /* CreateMissionViewController.swift */; };
		40B0B6A725AC2D75001E4A99 /* CreateMissionViewModel.swift in Sources */ = {isa = PBXBuildFile; fileRef = 40B0B6A625AC2D75001E4A99 /* CreateMissionViewModel.swift */; };
		40E5132225A330D40032F712 /* HomeCoordinator.swift in Sources */ = {isa = PBXBuildFile; fileRef = 40E5132125A330D40032F712 /* HomeCoordinator.swift */; };
		40E5132725A330E10032F712 /* CalendarCoordinator.swift in Sources */ = {isa = PBXBuildFile; fileRef = 40E5132625A330E10032F712 /* CalendarCoordinator.swift */; };
		40E5132C25A330E80032F712 /* RankingCoordinator.swift in Sources */ = {isa = PBXBuildFile; fileRef = 40E5132B25A330E80032F712 /* RankingCoordinator.swift */; };
		40E5133125A330F30032F712 /* UsersCoordinator.swift in Sources */ = {isa = PBXBuildFile; fileRef = 40E5133025A330F30032F712 /* UsersCoordinator.swift */; };
		40E5136C25A3FF150032F712 /* SceneType.swift in Sources */ = {isa = PBXBuildFile; fileRef = 40E5136B25A3FF150032F712 /* SceneType.swift */; };
		40E5138F25A409460032F712 /* MainCoordinator.swift in Sources */ = {isa = PBXBuildFile; fileRef = 40E5138E25A409460032F712 /* MainCoordinator.swift */; };
		40FDE37725A5CB1C00779ECB /* HomeItemViewModel.swift in Sources */ = {isa = PBXBuildFile; fileRef = 40FDE37625A5CB1C00779ECB /* HomeItemViewModel.swift */; };
		5D88CC7F25A2FA1B008B9D61 /* Coordinator.swift in Sources */ = {isa = PBXBuildFile; fileRef = 5D88CC7E25A2FA1B008B9D61 /* Coordinator.swift */; };
		5D88CC8925A2FB29008B9D61 /* HomeViewController.swift in Sources */ = {isa = PBXBuildFile; fileRef = 5D88CC8825A2FB29008B9D61 /* HomeViewController.swift */; };
		5D88CC9625A2FB85008B9D61 /* CalendarViewController.swift in Sources */ = {isa = PBXBuildFile; fileRef = 5D88CC9525A2FB85008B9D61 /* CalendarViewController.swift */; };
		5D88CC9B25A2FB8E008B9D61 /* RankingViewController.swift in Sources */ = {isa = PBXBuildFile; fileRef = 5D88CC9A25A2FB8E008B9D61 /* RankingViewController.swift */; };
		5D88CCB325A3013C008B9D61 /* Member.swift in Sources */ = {isa = PBXBuildFile; fileRef = 5D88CCB225A3013B008B9D61 /* Member.swift */; };
		5D88CCF225A32F3D008B9D61 /* GoogleService-Info.plist in Resources */ = {isa = PBXBuildFile; fileRef = 5D88CCF125A32F3D008B9D61 /* GoogleService-Info.plist */; };
		5D88CCF725A33407008B9D61 /* Mission.swift in Sources */ = {isa = PBXBuildFile; fileRef = 5D88CCF625A33407008B9D61 /* Mission.swift */; };
		5D88CD4D25A42CDB008B9D61 /* APIRouter.swift in Sources */ = {isa = PBXBuildFile; fileRef = 5D88CD4C25A42CDB008B9D61 /* APIRouter.swift */; };
		5D88CD9825A55D37008B9D61 /* APIClient.swift in Sources */ = {isa = PBXBuildFile; fileRef = 5D88CD9725A55D37008B9D61 /* APIClient.swift */; };
		5D88CDA225A5D5B6008B9D61 /* Family.swift in Sources */ = {isa = PBXBuildFile; fileRef = 5D88CCAA25A30002008B9D61 /* Family.swift */; };
		7A2F8CB031A1FB9C2029562E /* Pods_BringChuChuba.framework in Frameworks */ = {isa = PBXBuildFile; fileRef = 083FA52E64731EAA74948B74 /* Pods_BringChuChuba.framework */; };
		CD3D5BD9BDA577318F18A8CF /* Pods_BringChuChubaTests.framework in Frameworks */ = {isa = PBXBuildFile; fileRef = 238CA85D5DE23E4371091D01 /* Pods_BringChuChubaTests.framework */; };
/* End PBXBuildFile section */

/* Begin PBXContainerItemProxy section */
		40A9BAB325A1AC5700EC2988 /* PBXContainerItemProxy */ = {
			isa = PBXContainerItemProxy;
			containerPortal = 40A9BA9425A1AC5600EC2988 /* Project object */;
			proxyType = 1;
			remoteGlobalIDString = 40A9BA9B25A1AC5600EC2988;
			remoteInfo = BringChuChuba;
		};
		40A9BABE25A1AC5700EC2988 /* PBXContainerItemProxy */ = {
			isa = PBXContainerItemProxy;
			containerPortal = 40A9BA9425A1AC5600EC2988 /* Project object */;
			proxyType = 1;
			remoteGlobalIDString = 40A9BA9B25A1AC5600EC2988;
			remoteInfo = BringChuChuba;
		};
/* End PBXContainerItemProxy section */

/* Begin PBXFileReference section */
		083FA52E64731EAA74948B74 /* Pods_BringChuChuba.framework */ = {isa = PBXFileReference; explicitFileType = wrapper.framework; includeInIndex = 0; path = Pods_BringChuChuba.framework; sourceTree = BUILT_PRODUCTS_DIR; };
		238CA85D5DE23E4371091D01 /* Pods_BringChuChubaTests.framework */ = {isa = PBXFileReference; explicitFileType = wrapper.framework; includeInIndex = 0; path = Pods_BringChuChubaTests.framework; sourceTree = BUILT_PRODUCTS_DIR; };
		2D07B4071E4B1A46B9817C9E /* Pods-BringChuChubaTests.release.xcconfig */ = {isa = PBXFileReference; includeInIndex = 1; lastKnownFileType = text.xcconfig; name = "Pods-BringChuChubaTests.release.xcconfig"; path = "Target Support Files/Pods-BringChuChubaTests/Pods-BringChuChubaTests.release.xcconfig"; sourceTree = "<group>"; };
		38D9F25AE14E2DA4FCA82517 /* Pods-BringChuChuba-BringChuChubaUITests.release.xcconfig */ = {isa = PBXFileReference; includeInIndex = 1; lastKnownFileType = text.xcconfig; name = "Pods-BringChuChuba-BringChuChubaUITests.release.xcconfig"; path = "Target Support Files/Pods-BringChuChuba-BringChuChubaUITests/Pods-BringChuChuba-BringChuChubaUITests.release.xcconfig"; sourceTree = "<group>"; };
		40020E4325AD395A0088E9BA /* RewardViewController.swift */ = {isa = PBXFileReference; lastKnownFileType = sourcecode.swift; path = RewardViewController.swift; sourceTree = SOURCE_ROOT; };
		4015763925A4737500AB4296 /* CalendarViewModel.swift */ = {isa = PBXFileReference; lastKnownFileType = sourcecode.swift; path = CalendarViewModel.swift; sourceTree = "<group>"; };
		4015764125A47A9D00AB4296 /* RankingViewModel.swift */ = {isa = PBXFileReference; lastKnownFileType = sourcecode.swift; path = RankingViewModel.swift; sourceTree = "<group>"; };
		4015764925A47AAE00AB4296 /* UsersVeiwModel.swift */ = {isa = PBXFileReference; lastKnownFileType = sourcecode.swift; path = UsersVeiwModel.swift; sourceTree = "<group>"; };
		4015765425A4800000AB4296 /* Optional+Extension.swift */ = {isa = PBXFileReference; lastKnownFileType = sourcecode.swift; name = "Optional+Extension.swift"; path = "BringChuChuba/Modules/Users/Optional+Extension.swift"; sourceTree = SOURCE_ROOT; };
		4015765925A4803600AB4296 /* Log.swift */ = {isa = PBXFileReference; lastKnownFileType = sourcecode.swift; name = Log.swift; path = "BringChuChuba/Supporting Files/Log.swift"; sourceTree = SOURCE_ROOT; };
		401D6C7725A6B7CB00113273 /* Observable+Extension.swift */ = {isa = PBXFileReference; lastKnownFileType = sourcecode.swift; path = "Observable+Extension.swift"; sourceTree = "<group>"; };
		401D6C8525A6BA0900113273 /* ActivityIndicator.swift */ = {isa = PBXFileReference; lastKnownFileType = sourcecode.swift; path = ActivityIndicator.swift; sourceTree = "<group>"; };
		401D6C9025A6BA5B00113273 /* ErrorTracker.swift */ = {isa = PBXFileReference; lastKnownFileType = sourcecode.swift; path = ErrorTracker.swift; sourceTree = "<group>"; };
		401D6CCA25A6D22600113273 /* viewModelType.swift */ = {isa = PBXFileReference; lastKnownFileType = sourcecode.swift; path = viewModelType.swift; sourceTree = "<group>"; };
		40235D6E25A553AE004D7ABE /* GlobalData.swift */ = {isa = PBXFileReference; lastKnownFileType = sourcecode.swift; path = GlobalData.swift; sourceTree = "<group>"; };
		402A132225A56E2E00B8F65D /* HomeTableViewCell.swift */ = {isa = PBXFileReference; lastKnownFileType = sourcecode.swift; path = HomeTableViewCell.swift; sourceTree = "<group>"; };
		402A132725A577BB00B8F65D /* Cell+ReuseIdentifiable.swift */ = {isa = PBXFileReference; lastKnownFileType = sourcecode.swift; name = "Cell+ReuseIdentifiable.swift"; path = "BringChuChuba/Modules/Home/Cell+ReuseIdentifiable.swift"; sourceTree = SOURCE_ROOT; };
		406FFDE925A43EA4005C5566 /* HomeViewModel.swift */ = {isa = PBXFileReference; lastKnownFileType = sourcecode.swift; path = HomeViewModel.swift; sourceTree = "<group>"; };
		406FFE0925A4488E005C5566 /* Launch Screen.storyboard */ = {isa = PBXFileReference; lastKnownFileType = file.storyboard; path = "Launch Screen.storyboard"; sourceTree = "<group>"; };
		408FF29825A471000032C5D1 /* UsersViewController.swift */ = {isa = PBXFileReference; lastKnownFileType = sourcecode.swift; path = UsersViewController.swift; sourceTree = "<group>"; };
		40A9BA9C25A1AC5600EC2988 /* BringChuChuba.app */ = {isa = PBXFileReference; explicitFileType = wrapper.application; includeInIndex = 0; path = BringChuChuba.app; sourceTree = BUILT_PRODUCTS_DIR; };
		40A9BA9F25A1AC5600EC2988 /* AppDelegate.swift */ = {isa = PBXFileReference; lastKnownFileType = sourcecode.swift; path = AppDelegate.swift; sourceTree = "<group>"; };
		40A9BAA125A1AC5600EC2988 /* SceneDelegate.swift */ = {isa = PBXFileReference; lastKnownFileType = sourcecode.swift; path = SceneDelegate.swift; sourceTree = "<group>"; };
		40A9BAA825A1AC5700EC2988 /* Assets.xcassets */ = {isa = PBXFileReference; lastKnownFileType = folder.assetcatalog; path = Assets.xcassets; sourceTree = "<group>"; };
		40A9BAAD25A1AC5700EC2988 /* Info.plist */ = {isa = PBXFileReference; lastKnownFileType = text.plist.xml; path = Info.plist; sourceTree = "<group>"; };
		40A9BAB225A1AC5700EC2988 /* BringChuChubaTests.xctest */ = {isa = PBXFileReference; explicitFileType = wrapper.cfbundle; includeInIndex = 0; path = BringChuChubaTests.xctest; sourceTree = BUILT_PRODUCTS_DIR; };
		40A9BAB625A1AC5700EC2988 /* BringChuChubaTests.swift */ = {isa = PBXFileReference; lastKnownFileType = sourcecode.swift; path = BringChuChubaTests.swift; sourceTree = "<group>"; };
		40A9BAB825A1AC5700EC2988 /* Info.plist */ = {isa = PBXFileReference; lastKnownFileType = text.plist.xml; path = Info.plist; sourceTree = "<group>"; };
		40A9BABD25A1AC5700EC2988 /* BringChuChubaUITests.xctest */ = {isa = PBXFileReference; explicitFileType = wrapper.cfbundle; includeInIndex = 0; path = BringChuChubaUITests.xctest; sourceTree = BUILT_PRODUCTS_DIR; };
		40A9BAC125A1AC5700EC2988 /* BringChuChubaUITests.swift */ = {isa = PBXFileReference; lastKnownFileType = sourcecode.swift; path = BringChuChubaUITests.swift; sourceTree = "<group>"; };
		40A9BAC325A1AC5700EC2988 /* Info.plist */ = {isa = PBXFileReference; lastKnownFileType = text.plist.xml; path = Info.plist; sourceTree = "<group>"; };
		40B0B6A125AC2CE2001E4A99 /* CreateMissionViewController.swift */ = {isa = PBXFileReference; lastKnownFileType = sourcecode.swift; name = CreateMissionViewController.swift; path = BringChuChuba/Protocols/CreateMissionViewController.swift; sourceTree = SOURCE_ROOT; };
		40B0B6A625AC2D75001E4A99 /* CreateMissionViewModel.swift */ = {isa = PBXFileReference; lastKnownFileType = sourcecode.swift; name = CreateMissionViewModel.swift; path = BringChuChuba/Protocols/CreateMissionViewModel.swift; sourceTree = SOURCE_ROOT; };
		40E5132125A330D40032F712 /* HomeCoordinator.swift */ = {isa = PBXFileReference; lastKnownFileType = sourcecode.swift; path = HomeCoordinator.swift; sourceTree = "<group>"; };
		40E5132625A330E10032F712 /* CalendarCoordinator.swift */ = {isa = PBXFileReference; lastKnownFileType = sourcecode.swift; path = CalendarCoordinator.swift; sourceTree = "<group>"; };
		40E5132B25A330E80032F712 /* RankingCoordinator.swift */ = {isa = PBXFileReference; lastKnownFileType = sourcecode.swift; path = RankingCoordinator.swift; sourceTree = "<group>"; };
		40E5133025A330F30032F712 /* UsersCoordinator.swift */ = {isa = PBXFileReference; lastKnownFileType = sourcecode.swift; path = UsersCoordinator.swift; sourceTree = "<group>"; };
		40E5136B25A3FF150032F712 /* SceneType.swift */ = {isa = PBXFileReference; lastKnownFileType = sourcecode.swift; path = SceneType.swift; sourceTree = "<group>"; };
		40E5138E25A409460032F712 /* MainCoordinator.swift */ = {isa = PBXFileReference; lastKnownFileType = sourcecode.swift; path = MainCoordinator.swift; sourceTree = "<group>"; };
		40FDE37625A5CB1C00779ECB /* HomeItemViewModel.swift */ = {isa = PBXFileReference; lastKnownFileType = sourcecode.swift; path = HomeItemViewModel.swift; sourceTree = "<group>"; };
		4F142C957784D4B6B1CDA296 /* Pods-BringChuChuba.release.xcconfig */ = {isa = PBXFileReference; includeInIndex = 1; lastKnownFileType = text.xcconfig; name = "Pods-BringChuChuba.release.xcconfig"; path = "Target Support Files/Pods-BringChuChuba/Pods-BringChuChuba.release.xcconfig"; sourceTree = "<group>"; };
		5D88CC7E25A2FA1B008B9D61 /* Coordinator.swift */ = {isa = PBXFileReference; lastKnownFileType = sourcecode.swift; path = Coordinator.swift; sourceTree = "<group>"; };
		5D88CC8825A2FB29008B9D61 /* HomeViewController.swift */ = {isa = PBXFileReference; lastKnownFileType = sourcecode.swift; path = HomeViewController.swift; sourceTree = "<group>"; };
		5D88CC9525A2FB85008B9D61 /* CalendarViewController.swift */ = {isa = PBXFileReference; lastKnownFileType = sourcecode.swift; path = CalendarViewController.swift; sourceTree = "<group>"; };
		5D88CC9A25A2FB8E008B9D61 /* RankingViewController.swift */ = {isa = PBXFileReference; lastKnownFileType = sourcecode.swift; path = RankingViewController.swift; sourceTree = "<group>"; };
		5D88CCAA25A30002008B9D61 /* Family.swift */ = {isa = PBXFileReference; lastKnownFileType = sourcecode.swift; path = Family.swift; sourceTree = "<group>"; };
		5D88CCB225A3013B008B9D61 /* Member.swift */ = {isa = PBXFileReference; lastKnownFileType = sourcecode.swift; path = Member.swift; sourceTree = "<group>"; };
		5D88CCF125A32F3D008B9D61 /* GoogleService-Info.plist */ = {isa = PBXFileReference; fileEncoding = 4; lastKnownFileType = text.plist.xml; path = "GoogleService-Info.plist"; sourceTree = "<group>"; };
		5D88CCF625A33407008B9D61 /* Mission.swift */ = {isa = PBXFileReference; lastKnownFileType = sourcecode.swift; path = Mission.swift; sourceTree = "<group>"; };
		5D88CD4C25A42CDB008B9D61 /* APIRouter.swift */ = {isa = PBXFileReference; lastKnownFileType = sourcecode.swift; path = APIRouter.swift; sourceTree = "<group>"; };
		5D88CD5125A42F0B008B9D61 /* NetworkConstants.swift */ = {isa = PBXFileReference; lastKnownFileType = sourcecode.swift; path = NetworkConstants.swift; sourceTree = "<group>"; };
		5D88CD9725A55D37008B9D61 /* APIClient.swift */ = {isa = PBXFileReference; lastKnownFileType = sourcecode.swift; path = APIClient.swift; sourceTree = "<group>"; };
		9B0B46A669A2D8C361718525 /* Pods-BringChuChuba-BringChuChubaUITests.debug.xcconfig */ = {isa = PBXFileReference; includeInIndex = 1; lastKnownFileType = text.xcconfig; name = "Pods-BringChuChuba-BringChuChubaUITests.debug.xcconfig"; path = "Target Support Files/Pods-BringChuChuba-BringChuChubaUITests/Pods-BringChuChuba-BringChuChubaUITests.debug.xcconfig"; sourceTree = "<group>"; };
		CE7094DF20FD08DE6E7BBED5 /* Pods-BringChuChuba.debug.xcconfig */ = {isa = PBXFileReference; includeInIndex = 1; lastKnownFileType = text.xcconfig; name = "Pods-BringChuChuba.debug.xcconfig"; path = "Target Support Files/Pods-BringChuChuba/Pods-BringChuChuba.debug.xcconfig"; sourceTree = "<group>"; };
		E22662DF9DE67F70EB282E1C /* Pods_BringChuChuba_BringChuChubaUITests.framework */ = {isa = PBXFileReference; explicitFileType = wrapper.framework; includeInIndex = 0; path = Pods_BringChuChuba_BringChuChubaUITests.framework; sourceTree = BUILT_PRODUCTS_DIR; };
		FCCA156D0CBC3FF6E689EFDF /* Pods-BringChuChubaTests.debug.xcconfig */ = {isa = PBXFileReference; includeInIndex = 1; lastKnownFileType = text.xcconfig; name = "Pods-BringChuChubaTests.debug.xcconfig"; path = "Target Support Files/Pods-BringChuChubaTests/Pods-BringChuChubaTests.debug.xcconfig"; sourceTree = "<group>"; };
/* End PBXFileReference section */

/* Begin PBXFrameworksBuildPhase section */
		40A9BA9925A1AC5600EC2988 /* Frameworks */ = {
			isa = PBXFrameworksBuildPhase;
			buildActionMask = 2147483647;
			files = (
				7A2F8CB031A1FB9C2029562E /* Pods_BringChuChuba.framework in Frameworks */,
			);
			runOnlyForDeploymentPostprocessing = 0;
		};
		40A9BAAF25A1AC5700EC2988 /* Frameworks */ = {
			isa = PBXFrameworksBuildPhase;
			buildActionMask = 2147483647;
			files = (
				CD3D5BD9BDA577318F18A8CF /* Pods_BringChuChubaTests.framework in Frameworks */,
			);
			runOnlyForDeploymentPostprocessing = 0;
		};
		40A9BABA25A1AC5700EC2988 /* Frameworks */ = {
			isa = PBXFrameworksBuildPhase;
			buildActionMask = 2147483647;
			files = (
				0481EAF10D0F0D97DDEBDBB5 /* Pods_BringChuChuba_BringChuChubaUITests.framework in Frameworks */,
			);
			runOnlyForDeploymentPostprocessing = 0;
		};
/* End PBXFrameworksBuildPhase section */

/* Begin PBXGroup section */
		40235D6A25A551ED004D7ABE /* Supporting Files */ = {
			isa = PBXGroup;
			children = (
				4015765925A4803600AB4296 /* Log.swift */,
				401D6C9025A6BA5B00113273 /* ErrorTracker.swift */,
				401D6C8525A6BA0900113273 /* ActivityIndicator.swift */,
				5D88CC6025A2F795008B9D61 /* Resources */,
				5D88CC6825A2F836008B9D61 /* Extensions */,
			);
			path = "Supporting Files";
			sourceTree = "<group>";
		};
		40235D6B25A5529A004D7ABE /* Protocols */ = {
			isa = PBXGroup;
			children = (
				5D88CC7E25A2FA1B008B9D61 /* Coordinator.swift */,
				401D6CCA25A6D22600113273 /* viewModelType.swift */,
			);
			path = Protocols;
			sourceTree = "<group>";
		};
		40235D6C25A552D3004D7ABE /* Enums */ = {
			isa = PBXGroup;
			children = (
				40E5136B25A3FF150032F712 /* SceneType.swift */,
			);
			path = Enums;
			sourceTree = "<group>";
		};
		40235D6D25A55392004D7ABE /* Common */ = {
			isa = PBXGroup;
			children = (
				40235D6E25A553AE004D7ABE /* GlobalData.swift */,
			);
			path = Common;
			sourceTree = "<group>";
		};
		408D09D425A6B4160030495B /* CreateMission */ = {
			isa = PBXGroup;
			children = (
				40B0B6A125AC2CE2001E4A99 /* CreateMissionViewController.swift */,
				40B0B6A625AC2D75001E4A99 /* CreateMissionViewModel.swift */,
				40020E4325AD395A0088E9BA /* RewardViewController.swift */,
			);
			path = CreateMission;
			sourceTree = "<group>";
		};
		408D09D525A6B41F0030495B /* DetailMission */ = {
			isa = PBXGroup;
			children = (
			);
			path = DetailMission;
			sourceTree = "<group>";
		};
		40A9BA9325A1AC5600EC2988 = {
			isa = PBXGroup;
			children = (
				40A9BA9E25A1AC5600EC2988 /* BringChuChuba */,
				40A9BAB525A1AC5700EC2988 /* BringChuChubaTests */,
				40A9BAC025A1AC5700EC2988 /* BringChuChubaUITests */,
				40A9BA9D25A1AC5600EC2988 /* Products */,
				5844068726E2EE3273A010C3 /* Pods */,
				5FD48F1E05E627880F5974AA /* Frameworks */,
			);
			sourceTree = "<group>";
		};
		40A9BA9D25A1AC5600EC2988 /* Products */ = {
			isa = PBXGroup;
			children = (
				40A9BA9C25A1AC5600EC2988 /* BringChuChuba.app */,
				40A9BAB225A1AC5700EC2988 /* BringChuChubaTests.xctest */,
				40A9BABD25A1AC5700EC2988 /* BringChuChubaUITests.xctest */,
			);
			name = Products;
			sourceTree = "<group>";
		};
		40A9BA9E25A1AC5600EC2988 /* BringChuChuba */ = {
			isa = PBXGroup;
			children = (
				5D88CC5F25A2F788008B9D61 /* Application */,
				5D88CC6925A2F8C1008B9D61 /* Modules */,
				5D88CCA825A2FCFE008B9D61 /* Models */,
				5D88CC6425A2F7AB008B9D61 /* Networking */,
				40235D6B25A5529A004D7ABE /* Protocols */,
				40235D6C25A552D3004D7ABE /* Enums */,
				40235D6D25A55392004D7ABE /* Common */,
				40235D6A25A551ED004D7ABE /* Supporting Files */,
				5D88CCF125A32F3D008B9D61 /* GoogleService-Info.plist */,
				40A9BAAD25A1AC5700EC2988 /* Info.plist */,
			);
			path = BringChuChuba;
			sourceTree = "<group>";
		};
		40A9BAB525A1AC5700EC2988 /* BringChuChubaTests */ = {
			isa = PBXGroup;
			children = (
				40A9BAB625A1AC5700EC2988 /* BringChuChubaTests.swift */,
				40A9BAB825A1AC5700EC2988 /* Info.plist */,
			);
			path = BringChuChubaTests;
			sourceTree = "<group>";
		};
		40A9BAC025A1AC5700EC2988 /* BringChuChubaUITests */ = {
			isa = PBXGroup;
			children = (
				40A9BAC125A1AC5700EC2988 /* BringChuChubaUITests.swift */,
				40A9BAC325A1AC5700EC2988 /* Info.plist */,
			);
			path = BringChuChubaUITests;
			sourceTree = "<group>";
		};
		5844068726E2EE3273A010C3 /* Pods */ = {
			isa = PBXGroup;
			children = (
				CE7094DF20FD08DE6E7BBED5 /* Pods-BringChuChuba.debug.xcconfig */,
				4F142C957784D4B6B1CDA296 /* Pods-BringChuChuba.release.xcconfig */,
				9B0B46A669A2D8C361718525 /* Pods-BringChuChuba-BringChuChubaUITests.debug.xcconfig */,
				38D9F25AE14E2DA4FCA82517 /* Pods-BringChuChuba-BringChuChubaUITests.release.xcconfig */,
				FCCA156D0CBC3FF6E689EFDF /* Pods-BringChuChubaTests.debug.xcconfig */,
				2D07B4071E4B1A46B9817C9E /* Pods-BringChuChubaTests.release.xcconfig */,
			);
			path = Pods;
			sourceTree = "<group>";
		};
		5D88CC5F25A2F788008B9D61 /* Application */ = {
			isa = PBXGroup;
			children = (
				40A9BA9F25A1AC5600EC2988 /* AppDelegate.swift */,
				40A9BAA125A1AC5600EC2988 /* SceneDelegate.swift */,
				40E5138E25A409460032F712 /* MainCoordinator.swift */,
				406FFE0925A4488E005C5566 /* Launch Screen.storyboard */,
			);
			path = Application;
			sourceTree = "<group>";
		};
		5D88CC6025A2F795008B9D61 /* Resources */ = {
			isa = PBXGroup;
			children = (
				40A9BAA825A1AC5700EC2988 /* Assets.xcassets */,
			);
			path = Resources;
			sourceTree = "<group>";
		};
		5D88CC6425A2F7AB008B9D61 /* Networking */ = {
			isa = PBXGroup;
			children = (
				5D88CD5125A42F0B008B9D61 /* NetworkConstants.swift */,
				5D88CD4C25A42CDB008B9D61 /* APIRouter.swift */,
				5D88CD9725A55D37008B9D61 /* APIClient.swift */,
			);
			path = Networking;
			sourceTree = "<group>";
		};
		5D88CC6825A2F836008B9D61 /* Extensions */ = {
			isa = PBXGroup;
			children = (
				4015765425A4800000AB4296 /* Optional+Extension.swift */,
				402A132725A577BB00B8F65D /* Cell+ReuseIdentifiable.swift */,
				401D6C7725A6B7CB00113273 /* Observable+Extension.swift */,
			);
			name = Extensions;
			path = ../Extensions;
			sourceTree = "<group>";
		};
		5D88CC6925A2F8C1008B9D61 /* Modules */ = {
			isa = PBXGroup;
			children = (
				5D88CC6A25A2F8D1008B9D61 /* Home */,
				5D88CC6B25A2F8DE008B9D61 /* Calendar */,
				5D88CC6C25A2F8E8008B9D61 /* Ranking */,
				5D88CC6D25A2F907008B9D61 /* Users */,
				5D88CC6E25A2F91B008B9D61 /* Login */,
				5D88CC6F25A2F927008B9D61 /* Notifications */,
			);
			path = Modules;
			sourceTree = "<group>";
		};
		5D88CC6A25A2F8D1008B9D61 /* Home */ = {
			isa = PBXGroup;
			children = (
				408D09D525A6B41F0030495B /* DetailMission */,
				408D09D425A6B4160030495B /* CreateMission */,
				40E5132125A330D40032F712 /* HomeCoordinator.swift */,
				5D88CC8825A2FB29008B9D61 /* HomeViewController.swift */,
				402A132225A56E2E00B8F65D /* HomeTableViewCell.swift */,
				406FFDE925A43EA4005C5566 /* HomeViewModel.swift */,
				40FDE37625A5CB1C00779ECB /* HomeItemViewModel.swift */,
			);
			path = Home;
			sourceTree = "<group>";
		};
		5D88CC6B25A2F8DE008B9D61 /* Calendar */ = {
			isa = PBXGroup;
			children = (
				5D88CC9525A2FB85008B9D61 /* CalendarViewController.swift */,
				4015763925A4737500AB4296 /* CalendarViewModel.swift */,
				40E5132625A330E10032F712 /* CalendarCoordinator.swift */,
			);
			path = Calendar;
			sourceTree = "<group>";
		};
		5D88CC6C25A2F8E8008B9D61 /* Ranking */ = {
			isa = PBXGroup;
			children = (
				5D88CC9A25A2FB8E008B9D61 /* RankingViewController.swift */,
				4015764125A47A9D00AB4296 /* RankingViewModel.swift */,
				40E5132B25A330E80032F712 /* RankingCoordinator.swift */,
			);
			path = Ranking;
			sourceTree = "<group>";
		};
		5D88CC6D25A2F907008B9D61 /* Users */ = {
			isa = PBXGroup;
			children = (
				408FF29825A471000032C5D1 /* UsersViewController.swift */,
				4015764925A47AAE00AB4296 /* UsersVeiwModel.swift */,
				40E5133025A330F30032F712 /* UsersCoordinator.swift */,
			);
			path = Users;
			sourceTree = "<group>";
		};
		5D88CC6E25A2F91B008B9D61 /* Login */ = {
			isa = PBXGroup;
			children = (
			);
			path = Login;
			sourceTree = "<group>";
		};
		5D88CC6F25A2F927008B9D61 /* Notifications */ = {
			isa = PBXGroup;
			children = (
			);
			path = Notifications;
			sourceTree = "<group>";
		};
		5D88CCA825A2FCFE008B9D61 /* Models */ = {
			isa = PBXGroup;
			children = (
				5D88CCAA25A30002008B9D61 /* Family.swift */,
				5D88CCB225A3013B008B9D61 /* Member.swift */,
				5D88CCF625A33407008B9D61 /* Mission.swift */,
			);
			path = Models;
			sourceTree = "<group>";
		};
		5FD48F1E05E627880F5974AA /* Frameworks */ = {
			isa = PBXGroup;
			children = (
				083FA52E64731EAA74948B74 /* Pods_BringChuChuba.framework */,
				E22662DF9DE67F70EB282E1C /* Pods_BringChuChuba_BringChuChubaUITests.framework */,
				238CA85D5DE23E4371091D01 /* Pods_BringChuChubaTests.framework */,
			);
			name = Frameworks;
			sourceTree = "<group>";
		};
/* End PBXGroup section */

/* Begin PBXNativeTarget section */
		40A9BA9B25A1AC5600EC2988 /* BringChuChuba */ = {
			isa = PBXNativeTarget;
			buildConfigurationList = 40A9BAC625A1AC5700EC2988 /* Build configuration list for PBXNativeTarget "BringChuChuba" */;
			buildPhases = (
				6EDEED91BC11310DCB82863D /* [CP] Check Pods Manifest.lock */,
				40A9BA9825A1AC5600EC2988 /* Sources */,
				40A9BA9925A1AC5600EC2988 /* Frameworks */,
				40A9BA9A25A1AC5600EC2988 /* Resources */,
				2F1996BC49B02F0A31273533 /* [CP] Embed Pods Frameworks */,
				5D88CC5B25A2F638008B9D61 /* Run Script */,
			);
			buildRules = (
			);
			dependencies = (
			);
			name = BringChuChuba;
			productName = BringChuChuba;
			productReference = 40A9BA9C25A1AC5600EC2988 /* BringChuChuba.app */;
			productType = "com.apple.product-type.application";
		};
		40A9BAB125A1AC5700EC2988 /* BringChuChubaTests */ = {
			isa = PBXNativeTarget;
			buildConfigurationList = 40A9BAC925A1AC5700EC2988 /* Build configuration list for PBXNativeTarget "BringChuChubaTests" */;
			buildPhases = (
				D948CD7499EE6B778C02665E /* [CP] Check Pods Manifest.lock */,
				40A9BAAE25A1AC5700EC2988 /* Sources */,
				40A9BAAF25A1AC5700EC2988 /* Frameworks */,
				40A9BAB025A1AC5700EC2988 /* Resources */,
			);
			buildRules = (
			);
			dependencies = (
				40A9BAB425A1AC5700EC2988 /* PBXTargetDependency */,
			);
			name = BringChuChubaTests;
			productName = BringChuChubaTests;
			productReference = 40A9BAB225A1AC5700EC2988 /* BringChuChubaTests.xctest */;
			productType = "com.apple.product-type.bundle.unit-test";
		};
		40A9BABC25A1AC5700EC2988 /* BringChuChubaUITests */ = {
			isa = PBXNativeTarget;
			buildConfigurationList = 40A9BACC25A1AC5700EC2988 /* Build configuration list for PBXNativeTarget "BringChuChubaUITests" */;
			buildPhases = (
				42F193390F59189C398FC193 /* [CP] Check Pods Manifest.lock */,
				40A9BAB925A1AC5700EC2988 /* Sources */,
				40A9BABA25A1AC5700EC2988 /* Frameworks */,
				40A9BABB25A1AC5700EC2988 /* Resources */,
				53564A99E845AE870103E4EC /* [CP] Embed Pods Frameworks */,
			);
			buildRules = (
			);
			dependencies = (
				40A9BABF25A1AC5700EC2988 /* PBXTargetDependency */,
			);
			name = BringChuChubaUITests;
			productName = BringChuChubaUITests;
			productReference = 40A9BABD25A1AC5700EC2988 /* BringChuChubaUITests.xctest */;
			productType = "com.apple.product-type.bundle.ui-testing";
		};
/* End PBXNativeTarget section */

/* Begin PBXProject section */
		40A9BA9425A1AC5600EC2988 /* Project object */ = {
			isa = PBXProject;
			attributes = {
				LastSwiftUpdateCheck = 1230;
				LastUpgradeCheck = 1230;
				TargetAttributes = {
					40A9BA9B25A1AC5600EC2988 = {
						CreatedOnToolsVersion = 12.3;
					};
					40A9BAB125A1AC5700EC2988 = {
						CreatedOnToolsVersion = 12.3;
						TestTargetID = 40A9BA9B25A1AC5600EC2988;
					};
					40A9BABC25A1AC5700EC2988 = {
						CreatedOnToolsVersion = 12.3;
						TestTargetID = 40A9BA9B25A1AC5600EC2988;
					};
				};
			};
			buildConfigurationList = 40A9BA9725A1AC5600EC2988 /* Build configuration list for PBXProject "BringChuChuba" */;
			compatibilityVersion = "Xcode 9.3";
			developmentRegion = en;
			hasScannedForEncodings = 0;
			knownRegions = (
				en,
				Base,
			);
			mainGroup = 40A9BA9325A1AC5600EC2988;
			productRefGroup = 40A9BA9D25A1AC5600EC2988 /* Products */;
			projectDirPath = "";
			projectRoot = "";
			targets = (
				40A9BA9B25A1AC5600EC2988 /* BringChuChuba */,
				40A9BAB125A1AC5700EC2988 /* BringChuChubaTests */,
				40A9BABC25A1AC5700EC2988 /* BringChuChubaUITests */,
			);
		};
/* End PBXProject section */

/* Begin PBXResourcesBuildPhase section */
		40A9BA9A25A1AC5600EC2988 /* Resources */ = {
			isa = PBXResourcesBuildPhase;
			buildActionMask = 2147483647;
			files = (
				406FFE0A25A4488E005C5566 /* Launch Screen.storyboard in Resources */,
				40A9BAA925A1AC5700EC2988 /* Assets.xcassets in Resources */,
				5D88CCF225A32F3D008B9D61 /* GoogleService-Info.plist in Resources */,
			);
			runOnlyForDeploymentPostprocessing = 0;
		};
		40A9BAB025A1AC5700EC2988 /* Resources */ = {
			isa = PBXResourcesBuildPhase;
			buildActionMask = 2147483647;
			files = (
			);
			runOnlyForDeploymentPostprocessing = 0;
		};
		40A9BABB25A1AC5700EC2988 /* Resources */ = {
			isa = PBXResourcesBuildPhase;
			buildActionMask = 2147483647;
			files = (
			);
			runOnlyForDeploymentPostprocessing = 0;
		};
/* End PBXResourcesBuildPhase section */

/* Begin PBXShellScriptBuildPhase section */
		2F1996BC49B02F0A31273533 /* [CP] Embed Pods Frameworks */ = {
			isa = PBXShellScriptBuildPhase;
			buildActionMask = 2147483647;
			files = (
			);
			inputFileListPaths = (
				"${PODS_ROOT}/Target Support Files/Pods-BringChuChuba/Pods-BringChuChuba-frameworks-${CONFIGURATION}-input-files.xcfilelist",
			);
			name = "[CP] Embed Pods Frameworks";
			outputFileListPaths = (
				"${PODS_ROOT}/Target Support Files/Pods-BringChuChuba/Pods-BringChuChuba-frameworks-${CONFIGURATION}-output-files.xcfilelist",
			);
			runOnlyForDeploymentPostprocessing = 0;
			shellPath = /bin/sh;
			shellScript = "\"${PODS_ROOT}/Target Support Files/Pods-BringChuChuba/Pods-BringChuChuba-frameworks.sh\"\n";
			showEnvVarsInLog = 0;
		};
		42F193390F59189C398FC193 /* [CP] Check Pods Manifest.lock */ = {
			isa = PBXShellScriptBuildPhase;
			buildActionMask = 2147483647;
			files = (
			);
			inputFileListPaths = (
			);
			inputPaths = (
				"${PODS_PODFILE_DIR_PATH}/Podfile.lock",
				"${PODS_ROOT}/Manifest.lock",
			);
			name = "[CP] Check Pods Manifest.lock";
			outputFileListPaths = (
			);
			outputPaths = (
				"$(DERIVED_FILE_DIR)/Pods-BringChuChuba-BringChuChubaUITests-checkManifestLockResult.txt",
			);
			runOnlyForDeploymentPostprocessing = 0;
			shellPath = /bin/sh;
			shellScript = "diff \"${PODS_PODFILE_DIR_PATH}/Podfile.lock\" \"${PODS_ROOT}/Manifest.lock\" > /dev/null\nif [ $? != 0 ] ; then\n    # print error to STDERR\n    echo \"error: The sandbox is not in sync with the Podfile.lock. Run 'pod install' or update your CocoaPods installation.\" >&2\n    exit 1\nfi\n# This output is used by Xcode 'outputs' to avoid re-running this script phase.\necho \"SUCCESS\" > \"${SCRIPT_OUTPUT_FILE_0}\"\n";
			showEnvVarsInLog = 0;
		};
		53564A99E845AE870103E4EC /* [CP] Embed Pods Frameworks */ = {
			isa = PBXShellScriptBuildPhase;
			buildActionMask = 2147483647;
			files = (
			);
			inputFileListPaths = (
				"${PODS_ROOT}/Target Support Files/Pods-BringChuChuba-BringChuChubaUITests/Pods-BringChuChuba-BringChuChubaUITests-frameworks-${CONFIGURATION}-input-files.xcfilelist",
			);
			name = "[CP] Embed Pods Frameworks";
			outputFileListPaths = (
				"${PODS_ROOT}/Target Support Files/Pods-BringChuChuba-BringChuChubaUITests/Pods-BringChuChuba-BringChuChubaUITests-frameworks-${CONFIGURATION}-output-files.xcfilelist",
			);
			runOnlyForDeploymentPostprocessing = 0;
			shellPath = /bin/sh;
			shellScript = "\"${PODS_ROOT}/Target Support Files/Pods-BringChuChuba-BringChuChubaUITests/Pods-BringChuChuba-BringChuChubaUITests-frameworks.sh\"\n";
			showEnvVarsInLog = 0;
		};
		5D88CC5B25A2F638008B9D61 /* Run Script */ = {
			isa = PBXShellScriptBuildPhase;
			buildActionMask = 2147483647;
			files = (
			);
			inputFileListPaths = (
			);
			inputPaths = (
			);
			name = "Run Script";
			outputFileListPaths = (
			);
			outputPaths = (
			);
			runOnlyForDeploymentPostprocessing = 0;
			shellPath = /bin/sh;
			shellScript = "# Type a script or drag a script file from your workspace to insert its path.\n${PODS_ROOT}/SwiftLint/swiftlint\n";
		};
		6EDEED91BC11310DCB82863D /* [CP] Check Pods Manifest.lock */ = {
			isa = PBXShellScriptBuildPhase;
			buildActionMask = 2147483647;
			files = (
			);
			inputFileListPaths = (
			);
			inputPaths = (
				"${PODS_PODFILE_DIR_PATH}/Podfile.lock",
				"${PODS_ROOT}/Manifest.lock",
			);
			name = "[CP] Check Pods Manifest.lock";
			outputFileListPaths = (
			);
			outputPaths = (
				"$(DERIVED_FILE_DIR)/Pods-BringChuChuba-checkManifestLockResult.txt",
			);
			runOnlyForDeploymentPostprocessing = 0;
			shellPath = /bin/sh;
			shellScript = "diff \"${PODS_PODFILE_DIR_PATH}/Podfile.lock\" \"${PODS_ROOT}/Manifest.lock\" > /dev/null\nif [ $? != 0 ] ; then\n    # print error to STDERR\n    echo \"error: The sandbox is not in sync with the Podfile.lock. Run 'pod install' or update your CocoaPods installation.\" >&2\n    exit 1\nfi\n# This output is used by Xcode 'outputs' to avoid re-running this script phase.\necho \"SUCCESS\" > \"${SCRIPT_OUTPUT_FILE_0}\"\n";
			showEnvVarsInLog = 0;
		};
		D948CD7499EE6B778C02665E /* [CP] Check Pods Manifest.lock */ = {
			isa = PBXShellScriptBuildPhase;
			buildActionMask = 2147483647;
			files = (
			);
			inputFileListPaths = (
			);
			inputPaths = (
				"${PODS_PODFILE_DIR_PATH}/Podfile.lock",
				"${PODS_ROOT}/Manifest.lock",
			);
			name = "[CP] Check Pods Manifest.lock";
			outputFileListPaths = (
			);
			outputPaths = (
				"$(DERIVED_FILE_DIR)/Pods-BringChuChubaTests-checkManifestLockResult.txt",
			);
			runOnlyForDeploymentPostprocessing = 0;
			shellPath = /bin/sh;
			shellScript = "diff \"${PODS_PODFILE_DIR_PATH}/Podfile.lock\" \"${PODS_ROOT}/Manifest.lock\" > /dev/null\nif [ $? != 0 ] ; then\n    # print error to STDERR\n    echo \"error: The sandbox is not in sync with the Podfile.lock. Run 'pod install' or update your CocoaPods installation.\" >&2\n    exit 1\nfi\n# This output is used by Xcode 'outputs' to avoid re-running this script phase.\necho \"SUCCESS\" > \"${SCRIPT_OUTPUT_FILE_0}\"\n";
			showEnvVarsInLog = 0;
		};
/* End PBXShellScriptBuildPhase section */

/* Begin PBXSourcesBuildPhase section */
		40A9BA9825A1AC5600EC2988 /* Sources */ = {
			isa = PBXSourcesBuildPhase;
			buildActionMask = 2147483647;
			files = (
				403BF61325A803BA00712B62 /* NetworkConstants.swift in Sources */,
				5D88CDA225A5D5B6008B9D61 /* Family.swift in Sources */,
				406FFDEA25A43EA4005C5566 /* HomeViewModel.swift in Sources */,
				40A9BAA025A1AC5600EC2988 /* AppDelegate.swift in Sources */,
				402A132825A577BB00B8F65D /* Cell+ReuseIdentifiable.swift in Sources */,
				401D6C9125A6BA5B00113273 /* ErrorTracker.swift in Sources */,
				4015765A25A4803600AB4296 /* Log.swift in Sources */,
				408FF29925A471000032C5D1 /* UsersViewController.swift in Sources */,
				4015765525A4800000AB4296 /* Optional+Extension.swift in Sources */,
				40B0B6A725AC2D75001E4A99 /* CreateMissionViewModel.swift in Sources */,
				402A132325A56E2E00B8F65D /* HomeTableViewCell.swift in Sources */,
				5D88CC8925A2FB29008B9D61 /* HomeViewController.swift in Sources */,
				40E5132725A330E10032F712 /* CalendarCoordinator.swift in Sources */,
				40E5138F25A409460032F712 /* MainCoordinator.swift in Sources */,
				40E5136C25A3FF150032F712 /* SceneType.swift in Sources */,
				5D88CD9825A55D37008B9D61 /* APIClient.swift in Sources */,
				40020E4425AD395A0088E9BA /* RewardViewController.swift in Sources */,
				40E5133125A330F30032F712 /* UsersCoordinator.swift in Sources */,
				401D6C7825A6B7CB00113273 /* Observable+Extension.swift in Sources */,
				5D88CC9B25A2FB8E008B9D61 /* RankingViewController.swift in Sources */,
				5D88CD4D25A42CDB008B9D61 /* APIRouter.swift in Sources */,
				40A9BAA225A1AC5600EC2988 /* SceneDelegate.swift in Sources */,
				40235D6F25A553AE004D7ABE /* GlobalData.swift in Sources */,
				4015764A25A47AAE00AB4296 /* UsersVeiwModel.swift in Sources */,
				40E5132C25A330E80032F712 /* RankingCoordinator.swift in Sources */,
				40FDE37725A5CB1C00779ECB /* HomeItemViewModel.swift in Sources */,
				40E5132225A330D40032F712 /* HomeCoordinator.swift in Sources */,
				4015764225A47A9D00AB4296 /* RankingViewModel.swift in Sources */,
				401D6C8625A6BA0900113273 /* ActivityIndicator.swift in Sources */,
				40B0B6A225AC2CE2001E4A99 /* CreateMissionViewController.swift in Sources */,
				5D88CCF725A33407008B9D61 /* Mission.swift in Sources */,
				401D6CCB25A6D22600113273 /* viewModelType.swift in Sources */,
				5D88CCB325A3013C008B9D61 /* Member.swift in Sources */,
				5D88CC9625A2FB85008B9D61 /* CalendarViewController.swift in Sources */,
				4015763A25A4737500AB4296 /* CalendarViewModel.swift in Sources */,
				5D88CC7F25A2FA1B008B9D61 /* Coordinator.swift in Sources */,
			);
			runOnlyForDeploymentPostprocessing = 0;
		};
		40A9BAAE25A1AC5700EC2988 /* Sources */ = {
			isa = PBXSourcesBuildPhase;
			buildActionMask = 2147483647;
			files = (
				40A9BAB725A1AC5700EC2988 /* BringChuChubaTests.swift in Sources */,
			);
			runOnlyForDeploymentPostprocessing = 0;
		};
		40A9BAB925A1AC5700EC2988 /* Sources */ = {
			isa = PBXSourcesBuildPhase;
			buildActionMask = 2147483647;
			files = (
				40A9BAC225A1AC5700EC2988 /* BringChuChubaUITests.swift in Sources */,
			);
			runOnlyForDeploymentPostprocessing = 0;
		};
/* End PBXSourcesBuildPhase section */

/* Begin PBXTargetDependency section */
		40A9BAB425A1AC5700EC2988 /* PBXTargetDependency */ = {
			isa = PBXTargetDependency;
			target = 40A9BA9B25A1AC5600EC2988 /* BringChuChuba */;
			targetProxy = 40A9BAB325A1AC5700EC2988 /* PBXContainerItemProxy */;
		};
		40A9BABF25A1AC5700EC2988 /* PBXTargetDependency */ = {
			isa = PBXTargetDependency;
			target = 40A9BA9B25A1AC5600EC2988 /* BringChuChuba */;
			targetProxy = 40A9BABE25A1AC5700EC2988 /* PBXContainerItemProxy */;
		};
/* End PBXTargetDependency section */

/* Begin XCBuildConfiguration section */
		40A9BAC425A1AC5700EC2988 /* Debug */ = {
			isa = XCBuildConfiguration;
			buildSettings = {
				ALWAYS_SEARCH_USER_PATHS = NO;
				CLANG_ANALYZER_NONNULL = YES;
				CLANG_ANALYZER_NUMBER_OBJECT_CONVERSION = YES_AGGRESSIVE;
				CLANG_CXX_LANGUAGE_STANDARD = "gnu++14";
				CLANG_CXX_LIBRARY = "libc++";
				CLANG_ENABLE_MODULES = YES;
				CLANG_ENABLE_OBJC_ARC = YES;
				CLANG_ENABLE_OBJC_WEAK = YES;
				CLANG_WARN_BLOCK_CAPTURE_AUTORELEASING = YES;
				CLANG_WARN_BOOL_CONVERSION = YES;
				CLANG_WARN_COMMA = YES;
				CLANG_WARN_CONSTANT_CONVERSION = YES;
				CLANG_WARN_DEPRECATED_OBJC_IMPLEMENTATIONS = YES;
				CLANG_WARN_DIRECT_OBJC_ISA_USAGE = YES_ERROR;
				CLANG_WARN_DOCUMENTATION_COMMENTS = YES;
				CLANG_WARN_EMPTY_BODY = YES;
				CLANG_WARN_ENUM_CONVERSION = YES;
				CLANG_WARN_INFINITE_RECURSION = YES;
				CLANG_WARN_INT_CONVERSION = YES;
				CLANG_WARN_NON_LITERAL_NULL_CONVERSION = YES;
				CLANG_WARN_OBJC_IMPLICIT_RETAIN_SELF = YES;
				CLANG_WARN_OBJC_LITERAL_CONVERSION = YES;
				CLANG_WARN_OBJC_ROOT_CLASS = YES_ERROR;
				CLANG_WARN_QUOTED_INCLUDE_IN_FRAMEWORK_HEADER = YES;
				CLANG_WARN_RANGE_LOOP_ANALYSIS = YES;
				CLANG_WARN_STRICT_PROTOTYPES = YES;
				CLANG_WARN_SUSPICIOUS_MOVE = YES;
				CLANG_WARN_UNGUARDED_AVAILABILITY = YES_AGGRESSIVE;
				CLANG_WARN_UNREACHABLE_CODE = YES;
				CLANG_WARN__DUPLICATE_METHOD_MATCH = YES;
				COPY_PHASE_STRIP = NO;
				DEBUG_INFORMATION_FORMAT = dwarf;
				ENABLE_STRICT_OBJC_MSGSEND = YES;
				ENABLE_TESTABILITY = YES;
				GCC_C_LANGUAGE_STANDARD = gnu11;
				GCC_DYNAMIC_NO_PIC = NO;
				GCC_NO_COMMON_BLOCKS = YES;
				GCC_OPTIMIZATION_LEVEL = 0;
				GCC_PREPROCESSOR_DEFINITIONS = (
					"DEBUG=1",
					"$(inherited)",
				);
				GCC_WARN_64_TO_32_BIT_CONVERSION = YES;
				GCC_WARN_ABOUT_RETURN_TYPE = YES_ERROR;
				GCC_WARN_UNDECLARED_SELECTOR = YES;
				GCC_WARN_UNINITIALIZED_AUTOS = YES_AGGRESSIVE;
				GCC_WARN_UNUSED_FUNCTION = YES;
				GCC_WARN_UNUSED_VARIABLE = YES;
				IPHONEOS_DEPLOYMENT_TARGET = 13.0;
				MTL_ENABLE_DEBUG_INFO = INCLUDE_SOURCE;
				MTL_FAST_MATH = YES;
				ONLY_ACTIVE_ARCH = YES;
				SDKROOT = iphoneos;
				SWIFT_ACTIVE_COMPILATION_CONDITIONS = DEBUG;
				SWIFT_OPTIMIZATION_LEVEL = "-Onone";
			};
			name = Debug;
		};
		40A9BAC525A1AC5700EC2988 /* Release */ = {
			isa = XCBuildConfiguration;
			buildSettings = {
				ALWAYS_SEARCH_USER_PATHS = NO;
				CLANG_ANALYZER_NONNULL = YES;
				CLANG_ANALYZER_NUMBER_OBJECT_CONVERSION = YES_AGGRESSIVE;
				CLANG_CXX_LANGUAGE_STANDARD = "gnu++14";
				CLANG_CXX_LIBRARY = "libc++";
				CLANG_ENABLE_MODULES = YES;
				CLANG_ENABLE_OBJC_ARC = YES;
				CLANG_ENABLE_OBJC_WEAK = YES;
				CLANG_WARN_BLOCK_CAPTURE_AUTORELEASING = YES;
				CLANG_WARN_BOOL_CONVERSION = YES;
				CLANG_WARN_COMMA = YES;
				CLANG_WARN_CONSTANT_CONVERSION = YES;
				CLANG_WARN_DEPRECATED_OBJC_IMPLEMENTATIONS = YES;
				CLANG_WARN_DIRECT_OBJC_ISA_USAGE = YES_ERROR;
				CLANG_WARN_DOCUMENTATION_COMMENTS = YES;
				CLANG_WARN_EMPTY_BODY = YES;
				CLANG_WARN_ENUM_CONVERSION = YES;
				CLANG_WARN_INFINITE_RECURSION = YES;
				CLANG_WARN_INT_CONVERSION = YES;
				CLANG_WARN_NON_LITERAL_NULL_CONVERSION = YES;
				CLANG_WARN_OBJC_IMPLICIT_RETAIN_SELF = YES;
				CLANG_WARN_OBJC_LITERAL_CONVERSION = YES;
				CLANG_WARN_OBJC_ROOT_CLASS = YES_ERROR;
				CLANG_WARN_QUOTED_INCLUDE_IN_FRAMEWORK_HEADER = YES;
				CLANG_WARN_RANGE_LOOP_ANALYSIS = YES;
				CLANG_WARN_STRICT_PROTOTYPES = YES;
				CLANG_WARN_SUSPICIOUS_MOVE = YES;
				CLANG_WARN_UNGUARDED_AVAILABILITY = YES_AGGRESSIVE;
				CLANG_WARN_UNREACHABLE_CODE = YES;
				CLANG_WARN__DUPLICATE_METHOD_MATCH = YES;
				COPY_PHASE_STRIP = NO;
				DEBUG_INFORMATION_FORMAT = "dwarf-with-dsym";
				ENABLE_NS_ASSERTIONS = NO;
				ENABLE_STRICT_OBJC_MSGSEND = YES;
				GCC_C_LANGUAGE_STANDARD = gnu11;
				GCC_NO_COMMON_BLOCKS = YES;
				GCC_WARN_64_TO_32_BIT_CONVERSION = YES;
				GCC_WARN_ABOUT_RETURN_TYPE = YES_ERROR;
				GCC_WARN_UNDECLARED_SELECTOR = YES;
				GCC_WARN_UNINITIALIZED_AUTOS = YES_AGGRESSIVE;
				GCC_WARN_UNUSED_FUNCTION = YES;
				GCC_WARN_UNUSED_VARIABLE = YES;
				IPHONEOS_DEPLOYMENT_TARGET = 13.0;
				MTL_ENABLE_DEBUG_INFO = NO;
				MTL_FAST_MATH = YES;
				SDKROOT = iphoneos;
				SWIFT_COMPILATION_MODE = wholemodule;
				SWIFT_OPTIMIZATION_LEVEL = "-O";
				VALIDATE_PRODUCT = YES;
			};
			name = Release;
		};
		40A9BAC725A1AC5700EC2988 /* Debug */ = {
			isa = XCBuildConfiguration;
			baseConfigurationReference = CE7094DF20FD08DE6E7BBED5 /* Pods-BringChuChuba.debug.xcconfig */;
			buildSettings = {
				ASSETCATALOG_COMPILER_APPICON_NAME = AppIcon;
				ASSETCATALOG_COMPILER_GLOBAL_ACCENT_COLOR_NAME = AccentColor;
				CODE_SIGN_IDENTITY = "Apple Development";
				CODE_SIGN_STYLE = Automatic;
				DEVELOPMENT_TEAM = "";
				INFOPLIST_FILE = BringChuChuba/Info.plist;
				LD_RUNPATH_SEARCH_PATHS = (
					"$(inherited)",
					"@executable_path/Frameworks",
				);
				PRODUCT_BUNDLE_IDENTIFIER = com.BringChuChuba;
				PRODUCT_NAME = "$(TARGET_NAME)";
				PROVISIONING_PROFILE_SPECIFIER = "";
				SWIFT_VERSION = 5.0;
				TARGETED_DEVICE_FAMILY = "1,2";
			};
			name = Debug;
		};
		40A9BAC825A1AC5700EC2988 /* Release */ = {
			isa = XCBuildConfiguration;
			baseConfigurationReference = 4F142C957784D4B6B1CDA296 /* Pods-BringChuChuba.release.xcconfig */;
			buildSettings = {
				ASSETCATALOG_COMPILER_APPICON_NAME = AppIcon;
				ASSETCATALOG_COMPILER_GLOBAL_ACCENT_COLOR_NAME = AccentColor;
				CODE_SIGN_IDENTITY = "Apple Development";
				CODE_SIGN_STYLE = Automatic;
				DEVELOPMENT_TEAM = "";
				INFOPLIST_FILE = BringChuChuba/Info.plist;
				LD_RUNPATH_SEARCH_PATHS = (
					"$(inherited)",
					"@executable_path/Frameworks",
				);
				PRODUCT_BUNDLE_IDENTIFIER = com.BringChuChuba;
				PRODUCT_NAME = "$(TARGET_NAME)";
				PROVISIONING_PROFILE_SPECIFIER = "";
				SWIFT_VERSION = 5.0;
				TARGETED_DEVICE_FAMILY = "1,2";
			};
			name = Release;
		};
		40A9BACA25A1AC5700EC2988 /* Debug */ = {
			isa = XCBuildConfiguration;
			baseConfigurationReference = FCCA156D0CBC3FF6E689EFDF /* Pods-BringChuChubaTests.debug.xcconfig */;
			buildSettings = {
				ALWAYS_EMBED_SWIFT_STANDARD_LIBRARIES = YES;
				BUNDLE_LOADER = "$(TEST_HOST)";
				CODE_SIGN_STYLE = Automatic;
				INFOPLIST_FILE = BringChuChubaTests/Info.plist;
				IPHONEOS_DEPLOYMENT_TARGET = 14.1;
				LD_RUNPATH_SEARCH_PATHS = (
					"$(inherited)",
					"@executable_path/Frameworks",
					"@loader_path/Frameworks",
				);
				PRODUCT_BUNDLE_IDENTIFIER = com.Bring.ChuChuba.BringChuChubaTests;
				PRODUCT_NAME = "$(TARGET_NAME)";
				SWIFT_VERSION = 5.0;
				TARGETED_DEVICE_FAMILY = "1,2";
				TEST_HOST = "$(BUILT_PRODUCTS_DIR)/BringChuChuba.app/BringChuChuba";
			};
			name = Debug;
		};
		40A9BACB25A1AC5700EC2988 /* Release */ = {
			isa = XCBuildConfiguration;
			baseConfigurationReference = 2D07B4071E4B1A46B9817C9E /* Pods-BringChuChubaTests.release.xcconfig */;
			buildSettings = {
				ALWAYS_EMBED_SWIFT_STANDARD_LIBRARIES = YES;
				BUNDLE_LOADER = "$(TEST_HOST)";
				CODE_SIGN_STYLE = Automatic;
				INFOPLIST_FILE = BringChuChubaTests/Info.plist;
				IPHONEOS_DEPLOYMENT_TARGET = 14.1;
				LD_RUNPATH_SEARCH_PATHS = (
					"$(inherited)",
					"@executable_path/Frameworks",
					"@loader_path/Frameworks",
				);
				PRODUCT_BUNDLE_IDENTIFIER = com.Bring.ChuChuba.BringChuChubaTests;
				PRODUCT_NAME = "$(TARGET_NAME)";
				SWIFT_VERSION = 5.0;
				TARGETED_DEVICE_FAMILY = "1,2";
				TEST_HOST = "$(BUILT_PRODUCTS_DIR)/BringChuChuba.app/BringChuChuba";
			};
			name = Release;
		};
		40A9BACD25A1AC5700EC2988 /* Debug */ = {
			isa = XCBuildConfiguration;
			baseConfigurationReference = 9B0B46A669A2D8C361718525 /* Pods-BringChuChuba-BringChuChubaUITests.debug.xcconfig */;
			buildSettings = {
				ALWAYS_EMBED_SWIFT_STANDARD_LIBRARIES = YES;
				CODE_SIGN_STYLE = Automatic;
				INFOPLIST_FILE = BringChuChubaUITests/Info.plist;
				LD_RUNPATH_SEARCH_PATHS = (
					"$(inherited)",
					"@executable_path/Frameworks",
					"@loader_path/Frameworks",
				);
				PRODUCT_BUNDLE_IDENTIFIER = com.Bring.ChuChuba.BringChuChubaUITests;
				PRODUCT_NAME = "$(TARGET_NAME)";
				SWIFT_VERSION = 5.0;
				TARGETED_DEVICE_FAMILY = "1,2";
				TEST_TARGET_NAME = BringChuChuba;
			};
			name = Debug;
		};
		40A9BACE25A1AC5700EC2988 /* Release */ = {
			isa = XCBuildConfiguration;
			baseConfigurationReference = 38D9F25AE14E2DA4FCA82517 /* Pods-BringChuChuba-BringChuChubaUITests.release.xcconfig */;
			buildSettings = {
				ALWAYS_EMBED_SWIFT_STANDARD_LIBRARIES = YES;
				CODE_SIGN_STYLE = Automatic;
				INFOPLIST_FILE = BringChuChubaUITests/Info.plist;
				LD_RUNPATH_SEARCH_PATHS = (
					"$(inherited)",
					"@executable_path/Frameworks",
					"@loader_path/Frameworks",
				);
				PRODUCT_BUNDLE_IDENTIFIER = com.Bring.ChuChuba.BringChuChubaUITests;
				PRODUCT_NAME = "$(TARGET_NAME)";
				SWIFT_VERSION = 5.0;
				TARGETED_DEVICE_FAMILY = "1,2";
				TEST_TARGET_NAME = BringChuChuba;
			};
			name = Release;
		};
/* End XCBuildConfiguration section */

/* Begin XCConfigurationList section */
		40A9BA9725A1AC5600EC2988 /* Build configuration list for PBXProject "BringChuChuba" */ = {
			isa = XCConfigurationList;
			buildConfigurations = (
				40A9BAC425A1AC5700EC2988 /* Debug */,
				40A9BAC525A1AC5700EC2988 /* Release */,
			);
			defaultConfigurationIsVisible = 0;
			defaultConfigurationName = Release;
		};
		40A9BAC625A1AC5700EC2988 /* Build configuration list for PBXNativeTarget "BringChuChuba" */ = {
			isa = XCConfigurationList;
			buildConfigurations = (
				40A9BAC725A1AC5700EC2988 /* Debug */,
				40A9BAC825A1AC5700EC2988 /* Release */,
			);
			defaultConfigurationIsVisible = 0;
			defaultConfigurationName = Release;
		};
		40A9BAC925A1AC5700EC2988 /* Build configuration list for PBXNativeTarget "BringChuChubaTests" */ = {
			isa = XCConfigurationList;
			buildConfigurations = (
				40A9BACA25A1AC5700EC2988 /* Debug */,
				40A9BACB25A1AC5700EC2988 /* Release */,
			);
			defaultConfigurationIsVisible = 0;
			defaultConfigurationName = Release;
		};
		40A9BACC25A1AC5700EC2988 /* Build configuration list for PBXNativeTarget "BringChuChubaUITests" */ = {
			isa = XCConfigurationList;
			buildConfigurations = (
				40A9BACD25A1AC5700EC2988 /* Debug */,
				40A9BACE25A1AC5700EC2988 /* Release */,
			);
			defaultConfigurationIsVisible = 0;
			defaultConfigurationName = Release;
		};
/* End XCConfigurationList section */
	};
	rootObject = 40A9BA9425A1AC5600EC2988 /* Project object */;
}
